
Microsoft Visual Studio Solution File, Format Version 12.00
# Visual Studio Version 16
VisualStudioVersion = 16.0.30114.105
MinimumVisualStudioVersion = 10.0.40219.1
Project("{FAE04EC0-301F-11D3-BF4B-00C04F79EFBC}") = "CloudWeather.DataLoader", "CloudWeather.DataLoader\CloudWeather.DataLoader.csproj", "{D615C7B6-B5A7-47F3-81D2-E35D9E8DE18E}"
EndProject
Project("{FAE04EC0-301F-11D3-BF4B-00C04F79EFBC}") = "CloudWeather.Precipitation", "CloudWeather.Precipitation\CloudWeather.Precipitation.csproj", "{387B506D-8774-4B1F-B54C-A17608D8F65D}"
EndProject
Project("{FAE04EC0-301F-11D3-BF4B-00C04F79EFBC}") = "CloudWeather.Report", "CloudWeather.Report\CloudWeather.Report.csproj", "{2FDE765A-5AB3-4B6B-9464-1A561AD6F1E2}"
EndProject
Project("{FAE04EC0-301F-11D3-BF4B-00C04F79EFBC}") = "CloudWeather.Temperature", "CloudWeather.Temperature\CloudWeather.Temperature.csproj", "{95783FD8-2035-4915-941C-B0B5BC749445}"
EndProject
Global
	GlobalSection(SolutionConfigurationPlatforms) = preSolution
		Debug|Any CPU = Debug|Any CPU
		Release|Any CPU = Release|Any CPU
	EndGlobalSection
	GlobalSection(SolutionProperties) = preSolution
		HideSolutionNode = FALSE
	EndGlobalSection
	GlobalSection(ProjectConfigurationPlatforms) = postSolution
		{D615C7B6-B5A7-47F3-81D2-E35D9E8DE18E}.Debug|Any CPU.ActiveCfg = Debug|Any CPU
		{D615C7B6-B5A7-47F3-81D2-E35D9E8DE18E}.Debug|Any CPU.Build.0 = Debug|Any CPU
		{D615C7B6-B5A7-47F3-81D2-E35D9E8DE18E}.Release|Any CPU.ActiveCfg = Release|Any CPU
		{D615C7B6-B5A7-47F3-81D2-E35D9E8DE18E}.Release|Any CPU.Build.0 = Release|Any CPU
		{387B506D-8774-4B1F-B54C-A17608D8F65D}.Debug|Any CPU.ActiveCfg = Debug|Any CPU
		{387B506D-8774-4B1F-B54C-A17608D8F65D}.Debug|Any CPU.Build.0 = Debug|Any CPU
		{387B506D-8774-4B1F-B54C-A17608D8F65D}.Release|Any CPU.ActiveCfg = Release|Any CPU
		{387B506D-8774-4B1F-B54C-A17608D8F65D}.Release|Any CPU.Build.0 = Release|Any CPU
		{2FDE765A-5AB3-4B6B-9464-1A561AD6F1E2}.Debug|Any CPU.ActiveCfg = Debug|Any CPU
		{2FDE765A-5AB3-4B6B-9464-1A561AD6F1E2}.Debug|Any CPU.Build.0 = Debug|Any CPU
		{2FDE765A-5AB3-4B6B-9464-1A561AD6F1E2}.Release|Any CPU.ActiveCfg = Release|Any CPU
		{2FDE765A-5AB3-4B6B-9464-1A561AD6F1E2}.Release|Any CPU.Build.0 = Release|Any CPU
		{95783FD8-2035-4915-941C-B0B5BC749445}.Debug|Any CPU.ActiveCfg = Debug|Any CPU
		{95783FD8-2035-4915-941C-B0B5BC749445}.Debug|Any CPU.Build.0 = Debug|Any CPU
		{95783FD8-2035-4915-941C-B0B5BC749445}.Release|Any CPU.ActiveCfg = Release|Any CPU
		{95783FD8-2035-4915-941C-B0B5BC749445}.Release|Any CPU.Build.0 = Release|Any CPU
	EndGlobalSection
EndGlobal
